
Microsoft Visual Studio Solution File, Format Version 12.00
# Visual Studio Version 17
VisualStudioVersion = 17.5.002.0
MinimumVisualStudioVersion = 10.0.40219.1
Project("{9A19103F-16F7-4668-BE54-9A1E7A4F7556}") = "PARCIAL_CASTRO", "PARCIAL_CASTRO.csproj", "{973FDFA4-95FF-442F-9CE7-A8FFE3F32365}"
EndProject
Global
	GlobalSection(SolutionConfigurationPlatforms) = preSolution
		Debug|Any CPU = Debug|Any CPU
		Release|Any CPU = Release|Any CPU
	EndGlobalSection
	GlobalSection(ProjectConfigurationPlatforms) = postSolution
		{973FDFA4-95FF-442F-9CE7-A8FFE3F32365}.Debug|Any CPU.ActiveCfg = Debug|Any CPU
		{973FDFA4-95FF-442F-9CE7-A8FFE3F32365}.Debug|Any CPU.Build.0 = Debug|Any CPU
		{973FDFA4-95FF-442F-9CE7-A8FFE3F32365}.Release|Any CPU.ActiveCfg = Release|Any CPU
		{973FDFA4-95FF-442F-9CE7-A8FFE3F32365}.Release|Any CPU.Build.0 = Release|Any CPU
	EndGlobalSection
	GlobalSection(SolutionProperties) = preSolution
		HideSolutionNode = FALSE
	EndGlobalSection
	GlobalSection(ExtensibilityGlobals) = postSolution
		SolutionGuid = {B47E891F-3C9D-4F85-9651-985C29D03235}
	EndGlobalSection
EndGlobal
